
Microsoft Visual Studio Solution File, Format Version 12.00
# Visual Studio Version 17
VisualStudioVersion = 17.2.32616.157
MinimumVisualStudioVersion = 10.0.40219.1
Project("{FAE04EC0-301F-11D3-BF4B-00C04F79EFBC}") = "New_Parental_Control", "New_Parental_Control\New_Parental_Control.csproj", "{5726DF9E-DCAC-4211-AF4E-29D41A17F08E}"
EndProject
Global
	GlobalSection(SolutionConfigurationPlatforms) = preSolution
		Debug|Any CPU = Debug|Any CPU
		Release|Any CPU = Release|Any CPU
	EndGlobalSection
	GlobalSection(ProjectConfigurationPlatforms) = postSolution
		{5726DF9E-DCAC-4211-AF4E-29D41A17F08E}.Debug|Any CPU.ActiveCfg = Debug|Any CPU
		{5726DF9E-DCAC-4211-AF4E-29D41A17F08E}.Debug|Any CPU.Build.0 = Debug|Any CPU
		{5726DF9E-DCAC-4211-AF4E-29D41A17F08E}.Release|Any CPU.ActiveCfg = Release|Any CPU
		{5726DF9E-DCAC-4211-AF4E-29D41A17F08E}.Release|Any CPU.Build.0 = Release|Any CPU
	EndGlobalSection
	GlobalSection(SolutionProperties) = preSolution
		HideSolutionNode = FALSE
	EndGlobalSection
	GlobalSection(ExtensibilityGlobals) = postSolution
		SolutionGuid = {B5242DCB-BAC4-44B6-80E7-A26979C4FD43}
	EndGlobalSection
EndGlobal
